
Microsoft Visual Studio Solution File, Format Version 12.00
# Visual Studio Version 16
VisualStudioVersion = 16.0.31702.278
MinimumVisualStudioVersion = 10.0.40219.1
Project("{FAE04EC0-301F-11D3-BF4B-00C04F79EFBC}") = "FinalProject_12", "FinalProject_12\FinalProject_12.csproj", "{B124AF82-06F0-4624-8241-E99CEBAC16A4}"
EndProject
Global
	GlobalSection(SolutionConfigurationPlatforms) = preSolution
		Debug|Any CPU = Debug|Any CPU
		Release|Any CPU = Release|Any CPU
	EndGlobalSection
	GlobalSection(ProjectConfigurationPlatforms) = postSolution
		{B124AF82-06F0-4624-8241-E99CEBAC16A4}.Debug|Any CPU.ActiveCfg = Debug|Any CPU
		{B124AF82-06F0-4624-8241-E99CEBAC16A4}.Debug|Any CPU.Build.0 = Debug|Any CPU
		{B124AF82-06F0-4624-8241-E99CEBAC16A4}.Release|Any CPU.ActiveCfg = Release|Any CPU
		{B124AF82-06F0-4624-8241-E99CEBAC16A4}.Release|Any CPU.Build.0 = Release|Any CPU
	EndGlobalSection
	GlobalSection(SolutionProperties) = preSolution
		HideSolutionNode = FALSE
	EndGlobalSection
	GlobalSection(ExtensibilityGlobals) = postSolution
		SolutionGuid = {3C204E41-40EF-4D6B-B7CB-C08AAA6E81AC}
	EndGlobalSection
EndGlobal
